# This file was autogenerated by Stack.
# You should not edit this file by hand.
# For more information, please see the documentation at:
#   https://docs.haskellstack.org/en/stable/lock_files

packages:
- completed:
    hackage: text-icu-0.8.0.2@sha256:302bfdcedfc5b87861968a98d115ef7c0940f953af6b75e0fb8d457eec7e3996,4445
    pantry-tree:
      size: 3223
      sha256: d7e1a591f2723987a4a1a22fe9029ac8c3d72553d3af468a23b9d3d6fa764721
  original:
    hackage: text-icu-0.8.0.2
- completed:
    hackage: vector-hashtables-0.1.1.1@sha256:dd39d3df531f604a37b4bc19c28a73e738ef08ccdc9e3556404db6cd1a31bdea,2830
    pantry-tree:
      size: 848
      sha256: 8267400d11953dba1b10ac1b3d0b674302cd8a29d6740956830fc8aa95059e2c
  original:
    hackage: vector-hashtables-0.1.1.1
snapshots:
- completed:
    size: 590100
    url: https://raw.githubusercontent.com/commercialhaskell/stackage-snapshots/master/lts/18/28.yaml
    sha256: 428ec8d5ce932190d3cbe266b9eb3c175cd81e984babf876b64019e2cbe4ea68
  original: lts-18.28
